
Microsoft Visual Studio Solution File, Format Version 12.00
# Visual Studio 2013
VisualStudioVersion = 12.0.40629.0
MinimumVisualStudioVersion = 10.0.40219.1
Project("{FAE04EC0-301F-11D3-BF4B-00C04F79EFBC}") = "etc", "etc\etc.csproj", "{351CC10C-379F-4075-861C-991372BD4674}"
EndProject
Project("{FAE04EC0-301F-11D3-BF4B-00C04F79EFBC}") = "WebClassLibrary", "WebClassLibrary\WebClassLibrary.csproj", "{24CDFDE7-70B1-47EC-BB29-3C62F16FBFED}"
EndProject
Global
	GlobalSection(SolutionConfigurationPlatforms) = preSolution
		Debug|Any CPU = Debug|Any CPU
		Release|Any CPU = Release|Any CPU
	EndGlobalSection
	GlobalSection(ProjectConfigurationPlatforms) = postSolution
		{351CC10C-379F-4075-861C-991372BD4674}.Debug|Any CPU.ActiveCfg = Debug|Any CPU
		{351CC10C-379F-4075-861C-991372BD4674}.Debug|Any CPU.Build.0 = Debug|Any CPU
		{351CC10C-379F-4075-861C-991372BD4674}.Release|Any CPU.ActiveCfg = Release|Any CPU
		{351CC10C-379F-4075-861C-991372BD4674}.Release|Any CPU.Build.0 = Release|Any CPU
		{24CDFDE7-70B1-47EC-BB29-3C62F16FBFED}.Debug|Any CPU.ActiveCfg = Debug|Any CPU
		{24CDFDE7-70B1-47EC-BB29-3C62F16FBFED}.Debug|Any CPU.Build.0 = Debug|Any CPU
		{24CDFDE7-70B1-47EC-BB29-3C62F16FBFED}.Release|Any CPU.ActiveCfg = Release|Any CPU
		{24CDFDE7-70B1-47EC-BB29-3C62F16FBFED}.Release|Any CPU.Build.0 = Release|Any CPU
	EndGlobalSection
	GlobalSection(SolutionProperties) = preSolution
		HideSolutionNode = FALSE
	EndGlobalSection
EndGlobal
